PODS:
  - Alamofire (4.5.0)
  - DGElasticPullToRefresh (1.1)
  - Kingfisher (3.11.0)
  - SnapKit (3.2.0)
  - SwiftyJSON (3.1.4)

DEPENDENCIES:
  - Alamofire (~> 4.5.0)
  - DGElasticPullToRefresh
  - Kingfisher (~> 3.11.0)
  - SnapKit (~> 3.2.0)
  - SwiftyJSON

SPEC CHECKSUMS:
  Alamofire: f28cdffd29de33a7bfa022cbd63ae95a27fae140
  DGElasticPullToRefresh: 28f11a6026302a90f8ffebbc6e24748e584dddd3
  Kingfisher: c8911a7672c6217dec8c0520fb6e76ec4b7e0780
  SnapKit: 1ca44df72cfa543218d177cb8aab029d10d86ea7
  SwiftyJSON: c2842d878f95482ffceec5709abc3d05680c0220

PODFILE CHECKSUM: 980cfb4981ad8b28d4159e52e1ec745b55169194

COCOAPODS: 1.4.0.beta.1
